
Microsoft Visual Studio Solution File, Format Version 12.00
# Visual Studio Version 17
VisualStudioVersion = 17.0.31903.59
MinimumVisualStudioVersion = 10.0.40219.1
Project("{2150E333-8FDC-42A3-9474-1A3956D46DE8}") = "src", "src", "{827E0CD3-B72D-47B6-A68D-7590B98EB39B}"
EndProject
Project("{2150E333-8FDC-42A3-9474-1A3956D46DE8}") = "Api", "Api", "{81034408-37C8-1011-444E-4C15C2FADA8E}"
EndProject
Project("{FAE04EC0-301F-11D3-BF4B-00C04F79EFBC}") = "MAIHealthCoach.Api", "src\Api\MAIHealthCoach.Api.csproj", "{CC6BE424-5CBC-470E-A583-6E38790E60D3}"
EndProject
Project("{2150E333-8FDC-42A3-9474-1A3956D46DE8}") = "Application", "Application", "{22BAF98C-8415-17C4-B26A-D537657BC863}"
EndProject
Project("{FAE04EC0-301F-11D3-BF4B-00C04F79EFBC}") = "MAIHealthCoach.Application", "src\Application\MAIHealthCoach.Application.csproj", "{E17FAC56-4333-479D-B046-6B88C7EF60C8}"
EndProject
Project("{2150E333-8FDC-42A3-9474-1A3956D46DE8}") = "Domain", "Domain", "{8B290487-4C16-E85E-E807-F579CBE9FC4D}"
EndProject
Project("{FAE04EC0-301F-11D3-BF4B-00C04F79EFBC}") = "MAIHealthCoach.Domain", "src\Domain\MAIHealthCoach.Domain.csproj", "{D923F80B-CC20-4739-B201-6BE841C712A6}"
EndProject
Project("{2150E333-8FDC-42A3-9474-1A3956D46DE8}") = "Infrastructure", "Infrastructure", "{9048EB7F-3875-A59E-E36B-5BD4C6F2A282}"
EndProject
Project("{FAE04EC0-301F-11D3-BF4B-00C04F79EFBC}") = "MAIHealthCoach.Infrastructure", "src\Infrastructure\MAIHealthCoach.Infrastructure.csproj", "{B2AB9925-1B06-4278-8AF1-7BA7997953BD}"
EndProject
Project("{2150E333-8FDC-42A3-9474-1A3956D46DE8}") = "tests", "tests", "{0AB3BF05-4346-4AA6-1389-037BE0695223}"
EndProject
Project("{2150E333-8FDC-42A3-9474-1A3956D46DE8}") = "Api.Tests", "Api.Tests", "{C7681E76-71D0-F6B3-CD73-27CBAEE59458}"
EndProject
Project("{FAE04EC0-301F-11D3-BF4B-00C04F79EFBC}") = "MAIHealthCoach.Api.Tests", "tests\Api.Tests\MAIHealthCoach.Api.Tests.csproj", "{1D96FE2E-984A-48DC-8B5D-C986AF8197D2}"
EndProject
Project("{2150E333-8FDC-42A3-9474-1A3956D46DE8}") = "Application.Tests", "Application.Tests", "{E54C5156-A79F-F12B-3B9F-7475A4B81BB0}"
EndProject
Project("{FAE04EC0-301F-11D3-BF4B-00C04F79EFBC}") = "MAIHealthCoach.Application.Tests", "tests\Application.Tests\MAIHealthCoach.Application.Tests.csproj", "{CDCF9456-4B13-4D1F-AF09-7E33E1E09C53}"
EndProject
Project("{2150E333-8FDC-42A3-9474-1A3956D46DE8}") = "Domain.Tests", "Domain.Tests", "{6689DE0C-BD34-81AE-B353-DE31FCF7888B}"
EndProject
Project("{FAE04EC0-301F-11D3-BF4B-00C04F79EFBC}") = "MAIHealthCoach.Domain.Tests", "tests\Domain.Tests\MAIHealthCoach.Domain.Tests.csproj", "{33500DE8-ACAB-4F75-B6CD-1603C8DB9C89}"
EndProject
Global
	GlobalSection(SolutionConfigurationPlatforms) = preSolution
		Debug|Any CPU = Debug|Any CPU
		Debug|x64 = Debug|x64
		Debug|x86 = Debug|x86
		Release|Any CPU = Release|Any CPU
		Release|x64 = Release|x64
		Release|x86 = Release|x86
	EndGlobalSection
	GlobalSection(ProjectConfigurationPlatforms) = postSolution
		{CC6BE424-5CBC-470E-A583-6E38790E60D3}.Debug|Any CPU.ActiveCfg = Debug|Any CPU
		{CC6BE424-5CBC-470E-A583-6E38790E60D3}.Debug|Any CPU.Build.0 = Debug|Any CPU
		{CC6BE424-5CBC-470E-A583-6E38790E60D3}.Debug|x64.ActiveCfg = Debug|Any CPU
		{CC6BE424-5CBC-470E-A583-6E38790E60D3}.Debug|x64.Build.0 = Debug|Any CPU
		{CC6BE424-5CBC-470E-A583-6E38790E60D3}.Debug|x86.ActiveCfg = Debug|Any CPU
		{CC6BE424-5CBC-470E-A583-6E38790E60D3}.Debug|x86.Build.0 = Debug|Any CPU
		{CC6BE424-5CBC-470E-A583-6E38790E60D3}.Release|Any CPU.ActiveCfg = Release|Any CPU
		{CC6BE424-5CBC-470E-A583-6E38790E60D3}.Release|Any CPU.Build.0 = Release|Any CPU
		{CC6BE424-5CBC-470E-A583-6E38790E60D3}.Release|x64.ActiveCfg = Release|Any CPU
		{CC6BE424-5CBC-470E-A583-6E38790E60D3}.Release|x64.Build.0 = Release|Any CPU
		{CC6BE424-5CBC-470E-A583-6E38790E60D3}.Release|x86.ActiveCfg = Release|Any CPU
		{CC6BE424-5CBC-470E-A583-6E38790E60D3}.Release|x86.Build.0 = Release|Any CPU
		{E17FAC56-4333-479D-B046-6B88C7EF60C8}.Debug|Any CPU.ActiveCfg = Debug|Any CPU
		{E17FAC56-4333-479D-B046-6B88C7EF60C8}.Debug|Any CPU.Build.0 = Debug|Any CPU
		{E17FAC56-4333-479D-B046-6B88C7EF60C8}.Debug|x64.ActiveCfg = Debug|Any CPU
		{E17FAC56-4333-479D-B046-6B88C7EF60C8}.Debug|x64.Build.0 = Debug|Any CPU
		{E17FAC56-4333-479D-B046-6B88C7EF60C8}.Debug|x86.ActiveCfg = Debug|Any CPU
		{E17FAC56-4333-479D-B046-6B88C7EF60C8}.Debug|x86.Build.0 = Debug|Any CPU
		{E17FAC56-4333-479D-B046-6B88C7EF60C8}.Release|Any CPU.ActiveCfg = Release|Any CPU
		{E17FAC56-4333-479D-B046-6B88C7EF60C8}.Release|Any CPU.Build.0 = Release|Any CPU
		{E17FAC56-4333-479D-B046-6B88C7EF60C8}.Release|x64.ActiveCfg = Release|Any CPU
		{E17FAC56-4333-479D-B046-6B88C7EF60C8}.Release|x64.Build.0 = Release|Any CPU
		{E17FAC56-4333-479D-B046-6B88C7EF60C8}.Release|x86.ActiveCfg = Release|Any CPU
		{E17FAC56-4333-479D-B046-6B88C7EF60C8}.Release|x86.Build.0 = Release|Any CPU
		{D923F80B-CC20-4739-B201-6BE841C712A6}.Debug|Any CPU.ActiveCfg = Debug|Any CPU
		{D923F80B-CC20-4739-B201-6BE841C712A6}.Debug|Any CPU.Build.0 = Debug|Any CPU
		{D923F80B-CC20-4739-B201-6BE841C712A6}.Debug|x64.ActiveCfg = Debug|Any CPU
		{D923F80B-CC20-4739-B201-6BE841C712A6}.Debug|x64.Build.0 = Debug|Any CPU
		{D923F80B-CC20-4739-B201-6BE841C712A6}.Debug|x86.ActiveCfg = Debug|Any CPU
		{D923F80B-CC20-4739-B201-6BE841C712A6}.Debug|x86.Build.0 = Debug|Any CPU
		{D923F80B-CC20-4739-B201-6BE841C712A6}.Release|Any CPU.ActiveCfg = Release|Any CPU
		{D923F80B-CC20-4739-B201-6BE841C712A6}.Release|Any CPU.Build.0 = Release|Any CPU
		{D923F80B-CC20-4739-B201-6BE841C712A6}.Release|x64.ActiveCfg = Release|Any CPU
		{D923F80B-CC20-4739-B201-6BE841C712A6}.Release|x64.Build.0 = Release|Any CPU
		{D923F80B-CC20-4739-B201-6BE841C712A6}.Release|x86.ActiveCfg = Release|Any CPU
		{D923F80B-CC20-4739-B201-6BE841C712A6}.Release|x86.Build.0 = Release|Any CPU
		{B2AB9925-1B06-4278-8AF1-7BA7997953BD}.Debug|Any CPU.ActiveCfg = Debug|Any CPU
		{B2AB9925-1B06-4278-8AF1-7BA7997953BD}.Debug|Any CPU.Build.0 = Debug|Any CPU
		{B2AB9925-1B06-4278-8AF1-7BA7997953BD}.Debug|x64.ActiveCfg = Debug|Any CPU
		{B2AB9925-1B06-4278-8AF1-7BA7997953BD}.Debug|x64.Build.0 = Debug|Any CPU
		{B2AB9925-1B06-4278-8AF1-7BA7997953BD}.Debug|x86.ActiveCfg = Debug|Any CPU
		{B2AB9925-1B06-4278-8AF1-7BA7997953BD}.Debug|x86.Build.0 = Debug|Any CPU
		{B2AB9925-1B06-4278-8AF1-7BA7997953BD}.Release|Any CPU.ActiveCfg = Release|Any CPU
		{B2AB9925-1B06-4278-8AF1-7BA7997953BD}.Release|Any CPU.Build.0 = Release|Any CPU
		{B2AB9925-1B06-4278-8AF1-7BA7997953BD}.Release|x64.ActiveCfg = Release|Any CPU
		{B2AB9925-1B06-4278-8AF1-7BA7997953BD}.Release|x64.Build.0 = Release|Any CPU
		{B2AB9925-1B06-4278-8AF1-7BA7997953BD}.Release|x86.ActiveCfg = Release|Any CPU
		{B2AB9925-1B06-4278-8AF1-7BA7997953BD}.Release|x86.Build.0 = Release|Any CPU
		{1D96FE2E-984A-48DC-8B5D-C986AF8197D2}.Debug|Any CPU.ActiveCfg = Debug|Any CPU
		{1D96FE2E-984A-48DC-8B5D-C986AF8197D2}.Debug|Any CPU.Build.0 = Debug|Any CPU
		{1D96FE2E-984A-48DC-8B5D-C986AF8197D2}.Debug|x64.ActiveCfg = Debug|Any CPU
		{1D96FE2E-984A-48DC-8B5D-C986AF8197D2}.Debug|x64.Build.0 = Debug|Any CPU
		{1D96FE2E-984A-48DC-8B5D-C986AF8197D2}.Debug|x86.ActiveCfg = Debug|Any CPU
		{1D96FE2E-984A-48DC-8B5D-C986AF8197D2}.Debug|x86.Build.0 = Debug|Any CPU
		{1D96FE2E-984A-48DC-8B5D-C986AF8197D2}.Release|Any CPU.ActiveCfg = Release|Any CPU
		{1D96FE2E-984A-48DC-8B5D-C986AF8197D2}.Release|Any CPU.Build.0 = Release|Any CPU
		{1D96FE2E-984A-48DC-8B5D-C986AF8197D2}.Release|x64.ActiveCfg = Release|Any CPU
		{1D96FE2E-984A-48DC-8B5D-C986AF8197D2}.Release|x64.Build.0 = Release|Any CPU
		{1D96FE2E-984A-48DC-8B5D-C986AF8197D2}.Release|x86.ActiveCfg = Release|Any CPU
		{1D96FE2E-984A-48DC-8B5D-C986AF8197D2}.Release|x86.Build.0 = Release|Any CPU
		{CDCF9456-4B13-4D1F-AF09-7E33E1E09C53}.Debug|Any CPU.ActiveCfg = Debug|Any CPU
		{CDCF9456-4B13-4D1F-AF09-7E33E1E09C53}.Debug|Any CPU.Build.0 = Debug|Any CPU
		{CDCF9456-4B13-4D1F-AF09-7E33E1E09C53}.Debug|x64.ActiveCfg = Debug|Any CPU
		{CDCF9456-4B13-4D1F-AF09-7E33E1E09C53}.Debug|x64.Build.0 = Debug|Any CPU
		{CDCF9456-4B13-4D1F-AF09-7E33E1E09C53}.Debug|x86.ActiveCfg = Debug|Any CPU
		{CDCF9456-4B13-4D1F-AF09-7E33E1E09C53}.Debug|x86.Build.0 = Debug|Any CPU
		{CDCF9456-4B13-4D1F-AF09-7E33E1E09C53}.Release|Any CPU.ActiveCfg = Release|Any CPU
		{CDCF9456-4B13-4D1F-AF09-7E33E1E09C53}.Release|Any CPU.Build.0 = Release|Any CPU
		{CDCF9456-4B13-4D1F-AF09-7E33E1E09C53}.Release|x64.ActiveCfg = Release|Any CPU
		{CDCF9456-4B13-4D1F-AF09-7E33E1E09C53}.Release|x64.Build.0 = Release|Any CPU
		{CDCF9456-4B13-4D1F-AF09-7E33E1E09C53}.Release|x86.ActiveCfg = Release|Any CPU
		{CDCF9456-4B13-4D1F-AF09-7E33E1E09C53}.Release|x86.Build.0 = Release|Any CPU
		{33500DE8-ACAB-4F75-B6CD-1603C8DB9C89}.Debug|Any CPU.ActiveCfg = Debug|Any CPU
		{33500DE8-ACAB-4F75-B6CD-1603C8DB9C89}.Debug|Any CPU.Build.0 = Debug|Any CPU
		{33500DE8-ACAB-4F75-B6CD-1603C8DB9C89}.Debug|x64.ActiveCfg = Debug|Any CPU
		{33500DE8-ACAB-4F75-B6CD-1603C8DB9C89}.Debug|x64.Build.0 = Debug|Any CPU
		{33500DE8-ACAB-4F75-B6CD-1603C8DB9C89}.Debug|x86.ActiveCfg = Debug|Any CPU
		{33500DE8-ACAB-4F75-B6CD-1603C8DB9C89}.Debug|x86.Build.0 = Debug|Any CPU
		{33500DE8-ACAB-4F75-B6CD-1603C8DB9C89}.Release|Any CPU.ActiveCfg = Release|Any CPU
		{33500DE8-ACAB-4F75-B6CD-1603C8DB9C89}.Release|Any CPU.Build.0 = Release|Any CPU
		{33500DE8-ACAB-4F75-B6CD-1603C8DB9C89}.Release|x64.ActiveCfg = Release|Any CPU
		{33500DE8-ACAB-4F75-B6CD-1603C8DB9C89}.Release|x64.Build.0 = Release|Any CPU
		{33500DE8-ACAB-4F75-B6CD-1603C8DB9C89}.Release|x86.ActiveCfg = Release|Any CPU
		{33500DE8-ACAB-4F75-B6CD-1603C8DB9C89}.Release|x86.Build.0 = Release|Any CPU
	EndGlobalSection
	GlobalSection(SolutionProperties) = preSolution
		HideSolutionNode = FALSE
	EndGlobalSection
	GlobalSection(NestedProjects) = preSolution
		{81034408-37C8-1011-444E-4C15C2FADA8E} = {827E0CD3-B72D-47B6-A68D-7590B98EB39B}
		{CC6BE424-5CBC-470E-A583-6E38790E60D3} = {81034408-37C8-1011-444E-4C15C2FADA8E}
		{22BAF98C-8415-17C4-B26A-D537657BC863} = {827E0CD3-B72D-47B6-A68D-7590B98EB39B}
		{E17FAC56-4333-479D-B046-6B88C7EF60C8} = {22BAF98C-8415-17C4-B26A-D537657BC863}
		{8B290487-4C16-E85E-E807-F579CBE9FC4D} = {827E0CD3-B72D-47B6-A68D-7590B98EB39B}
		{D923F80B-CC20-4739-B201-6BE841C712A6} = {8B290487-4C16-E85E-E807-F579CBE9FC4D}
		{9048EB7F-3875-A59E-E36B-5BD4C6F2A282} = {827E0CD3-B72D-47B6-A68D-7590B98EB39B}
		{B2AB9925-1B06-4278-8AF1-7BA7997953BD} = {9048EB7F-3875-A59E-E36B-5BD4C6F2A282}
		{C7681E76-71D0-F6B3-CD73-27CBAEE59458} = {0AB3BF05-4346-4AA6-1389-037BE0695223}
		{1D96FE2E-984A-48DC-8B5D-C986AF8197D2} = {C7681E76-71D0-F6B3-CD73-27CBAEE59458}
		{E54C5156-A79F-F12B-3B9F-7475A4B81BB0} = {0AB3BF05-4346-4AA6-1389-037BE0695223}
		{CDCF9456-4B13-4D1F-AF09-7E33E1E09C53} = {E54C5156-A79F-F12B-3B9F-7475A4B81BB0}
		{6689DE0C-BD34-81AE-B353-DE31FCF7888B} = {0AB3BF05-4346-4AA6-1389-037BE0695223}
		{33500DE8-ACAB-4F75-B6CD-1603C8DB9C89} = {6689DE0C-BD34-81AE-B353-DE31FCF7888B}
	EndGlobalSection
EndGlobal
